
Microsoft Visual Studio Solution File, Format Version 12.00
# Visual Studio 15
VisualStudioVersion = 15.0.28010.2036
MinimumVisualStudioVersion = 10.0.40219.1
Project("{FAE04EC0-301F-11D3-BF4B-00C04F79EFBC}") = "Books.api", "Books.api\Books.api.csproj", "{FA9CBB0F-9A42-48B3-8CB8-25B8FE0EBC15}"
EndProject
Global
	GlobalSection(SolutionConfigurationPlatforms) = preSolution
		Debug|Any CPU = Debug|Any CPU
		Release|Any CPU = Release|Any CPU
	EndGlobalSection
	GlobalSection(ProjectConfigurationPlatforms) = postSolution
		{FA9CBB0F-9A42-48B3-8CB8-25B8FE0EBC15}.Debug|Any CPU.ActiveCfg = Debug|Any CPU
		{FA9CBB0F-9A42-48B3-8CB8-25B8FE0EBC15}.Debug|Any CPU.Build.0 = Debug|Any CPU
		{FA9CBB0F-9A42-48B3-8CB8-25B8FE0EBC15}.Release|Any CPU.ActiveCfg = Release|Any CPU
		{FA9CBB0F-9A42-48B3-8CB8-25B8FE0EBC15}.Release|Any CPU.Build.0 = Release|Any CPU
	EndGlobalSection
	GlobalSection(SolutionProperties) = preSolution
		HideSolutionNode = FALSE
	EndGlobalSection
	GlobalSection(ExtensibilityGlobals) = postSolution
		SolutionGuid = {C06BF58F-AF6B-4A32-81B1-00A5DE497CA7}
	EndGlobalSection
EndGlobal
